
Microsoft Visual Studio Solution File, Format Version 12.00
# Visual Studio Version 16
VisualStudioVersion = 16.0.29911.84
MinimumVisualStudioVersion = 10.0.40219.1
Project("{FAE04EC0-301F-11D3-BF4B-00C04F79EFBC}") = "PAIN-wpf", "PAIN-wpf\PAIN-wpf.csproj", "{0A130226-8F1C-4A0C-ACFE-55F7C120C242}"
EndProject
Global
	GlobalSection(SolutionConfigurationPlatforms) = preSolution
		Debug|Any CPU = Debug|Any CPU
		Release|Any CPU = Release|Any CPU
	EndGlobalSection
	GlobalSection(ProjectConfigurationPlatforms) = postSolution
		{0A130226-8F1C-4A0C-ACFE-55F7C120C242}.Debug|Any CPU.ActiveCfg = Debug|Any CPU
		{0A130226-8F1C-4A0C-ACFE-55F7C120C242}.Debug|Any CPU.Build.0 = Debug|Any CPU
		{0A130226-8F1C-4A0C-ACFE-55F7C120C242}.Release|Any CPU.ActiveCfg = Release|Any CPU
		{0A130226-8F1C-4A0C-ACFE-55F7C120C242}.Release|Any CPU.Build.0 = Release|Any CPU
	EndGlobalSection
	GlobalSection(SolutionProperties) = preSolution
		HideSolutionNode = FALSE
	EndGlobalSection
	GlobalSection(ExtensibilityGlobals) = postSolution
		SolutionGuid = {3116C42C-CE75-4BEA-8858-A3814DC07379}
	EndGlobalSection
EndGlobal
